// !$*UTF8*$!
{
	archiveVersion = 1;
	classes = {
	};
	objectVersion = 50;
	objects = {

/* Begin PBXBuildFile section */
		5407B58A25C6E1FB00C04E31 /* BarCollectionViewHeaderView.swift in Sources */ = {isa = PBXBuildFile; fileRef = 5407B58925C6E1FB00C04E31 /* BarCollectionViewHeaderView.swift */; };
		5407B58F25C6FD2E00C04E31 /* BarCollectionViewFooter.swift in Sources */ = {isa = PBXBuildFile; fileRef = 5407B58E25C6FD2E00C04E31 /* BarCollectionViewFooter.swift */; };
		5407B59225C7C5D400C04E31 /* BackgroundBarCollectionView.swift in Sources */ = {isa = PBXBuildFile; fileRef = 5407B59125C7C5D400C04E31 /* BackgroundBarCollectionView.swift */; };
		5407B59525C824E200C04E31 /* CircleCell.swift in Sources */ = {isa = PBXBuildFile; fileRef = 5407B59425C824E200C04E31 /* CircleCell.swift */; };
		5487145025C53CA500599083 /* AppDelegate.swift in Sources */ = {isa = PBXBuildFile; fileRef = 5487144F25C53CA500599083 /* AppDelegate.swift */; };
		5487145225C53CA500599083 /* SceneDelegate.swift in Sources */ = {isa = PBXBuildFile; fileRef = 5487145125C53CA500599083 /* SceneDelegate.swift */; };
		5487145425C53CA500599083 /* ViewController.swift in Sources */ = {isa = PBXBuildFile; fileRef = 5487145325C53CA500599083 /* ViewController.swift */; };
		5487145725C53CA500599083 /* Main.storyboard in Resources */ = {isa = PBXBuildFile; fileRef = 5487145525C53CA500599083 /* Main.storyboard */; };
		5487145925C53CA800599083 /* Assets.xcassets in Resources */ = {isa = PBXBuildFile; fileRef = 5487145825C53CA800599083 /* Assets.xcassets */; };
		5487145C25C53CA800599083 /* LaunchScreen.storyboard in Resources */ = {isa = PBXBuildFile; fileRef = 5487145A25C53CA800599083 /* LaunchScreen.storyboard */; };
		5487146825C5483600599083 /* BarCell.swift in Sources */ = {isa = PBXBuildFile; fileRef = 5487146725C5483600599083 /* BarCell.swift */; };
		5487146D25C6881900599083 /* Utils.swift in Sources */ = {isa = PBXBuildFile; fileRef = 5487146C25C6881900599083 /* Utils.swift */; };
		5487147225C6C8FB00599083 /* extenstions.swift in Sources */ = {isa = PBXBuildFile; fileRef = 5487147125C6C8FA00599083 /* extenstions.swift */; };
/* End PBXBuildFile section */

/* Begin PBXFileReference section */
		5407B58925C6E1FB00C04E31 /* BarCollectionViewHeaderView.swift */ = {isa = PBXFileReference; lastKnownFileType = sourcecode.swift; path = BarCollectionViewHeaderView.swift; sourceTree = "<group>"; };
		5407B58E25C6FD2E00C04E31 /* BarCollectionViewFooter.swift */ = {isa = PBXFileReference; lastKnownFileType = sourcecode.swift; path = BarCollectionViewFooter.swift; sourceTree = "<group>"; };
		5407B59125C7C5D400C04E31 /* BackgroundBarCollectionView.swift */ = {isa = PBXFileReference; lastKnownFileType = sourcecode.swift; path = BackgroundBarCollectionView.swift; sourceTree = "<group>"; };
		5407B59425C824E200C04E31 /* CircleCell.swift */ = {isa = PBXFileReference; lastKnownFileType = sourcecode.swift; path = CircleCell.swift; sourceTree = "<group>"; };
		5487144C25C53CA500599083 /* stats.app */ = {isa = PBXFileReference; explicitFileType = wrapper.application; includeInIndex = 0; path = stats.app; sourceTree = BUILT_PRODUCTS_DIR; };
		5487144F25C53CA500599083 /* AppDelegate.swift */ = {isa = PBXFileReference; lastKnownFileType = sourcecode.swift; path = AppDelegate.swift; sourceTree = "<group>"; };
		5487145125C53CA500599083 /* SceneDelegate.swift */ = {isa = PBXFileReference; lastKnownFileType = sourcecode.swift; path = SceneDelegate.swift; sourceTree = "<group>"; };
		5487145325C53CA500599083 /* ViewController.swift */ = {isa = PBXFileReference; lastKnownFileType = sourcecode.swift; path = ViewController.swift; sourceTree = "<group>"; };
		5487145625C53CA500599083 /* Base */ = {isa = PBXFileReference; lastKnownFileType = file.storyboard; name = Base; path = Base.lproj/Main.storyboard; sourceTree = "<group>"; };
		5487145825C53CA800599083 /* Assets.xcassets */ = {isa = PBXFileReference; lastKnownFileType = folder.assetcatalog; path = Assets.xcassets; sourceTree = "<group>"; };
		5487145B25C53CA800599083 /* Base */ = {isa = PBXFileReference; lastKnownFileType = file.storyboard; name = Base; path = Base.lproj/LaunchScreen.storyboard; sourceTree = "<group>"; };
		5487145D25C53CA800599083 /* Info.plist */ = {isa = PBXFileReference; lastKnownFileType = text.plist.xml; path = Info.plist; sourceTree = "<group>"; };
		5487146725C5483600599083 /* BarCell.swift */ = {isa = PBXFileReference; lastKnownFileType = sourcecode.swift; path = BarCell.swift; sourceTree = "<group>"; };
		5487146C25C6881900599083 /* Utils.swift */ = {isa = PBXFileReference; lastKnownFileType = sourcecode.swift; path = Utils.swift; sourceTree = "<group>"; };
		5487147125C6C8FA00599083 /* extenstions.swift */ = {isa = PBXFileReference; lastKnownFileType = sourcecode.swift; path = extenstions.swift; sourceTree = "<group>"; };
/* End PBXFileReference section */

/* Begin PBXFrameworksBuildPhase section */
		5487144925C53CA500599083 /* Frameworks */ = {
			isa = PBXFrameworksBuildPhase;
			buildActionMask = 2147483647;
			files = (
			);
			runOnlyForDeploymentPostprocessing = 0;
		};
/* End PBXFrameworksBuildPhase section */

/* Begin PBXGroup section */
		5487144325C53CA500599083 = {
			isa = PBXGroup;
			children = (
				5487144E25C53CA500599083 /* stats */,
				5487144D25C53CA500599083 /* Products */,
			);
			sourceTree = "<group>";
		};
		5487144D25C53CA500599083 /* Products */ = {
			isa = PBXGroup;
			children = (
				5487144C25C53CA500599083 /* stats.app */,
			);
			name = Products;
			sourceTree = "<group>";
		};
		5487144E25C53CA500599083 /* stats */ = {
			isa = PBXGroup;
			children = (
				5487147425C6C8FF00599083 /* Extensions */,
				5487146B25C6880800599083 /* Utils */,
				5487146625C5481400599083 /* AppDelegate */,
				5487146525C5480B00599083 /* Controllers */,
				5487146425C547FA00599083 /* Views */,
				5487145525C53CA500599083 /* Main.storyboard */,
				5487145825C53CA800599083 /* Assets.xcassets */,
				5487145A25C53CA800599083 /* LaunchScreen.storyboard */,
				5487145D25C53CA800599083 /* Info.plist */,
			);
			path = stats;
			sourceTree = "<group>";
		};
		5487146425C547FA00599083 /* Views */ = {
			isa = PBXGroup;
			children = (
				5487146725C5483600599083 /* BarCell.swift */,
				5407B58925C6E1FB00C04E31 /* BarCollectionViewHeaderView.swift */,
				5407B58E25C6FD2E00C04E31 /* BarCollectionViewFooter.swift */,
				5407B59125C7C5D400C04E31 /* BackgroundBarCollectionView.swift */,
				5407B59425C824E200C04E31 /* CircleCell.swift */,
			);
			path = Views;
			sourceTree = "<group>";
		};
		5487146525C5480B00599083 /* Controllers */ = {
			isa = PBXGroup;
			children = (
				5487145325C53CA500599083 /* ViewController.swift */,
			);
			path = Controllers;
			sourceTree = "<group>";
		};
		5487146625C5481400599083 /* AppDelegate */ = {
			isa = PBXGroup;
			children = (
				5487144F25C53CA500599083 /* AppDelegate.swift */,
				5487145125C53CA500599083 /* SceneDelegate.swift */,
			);
			path = AppDelegate;
			sourceTree = "<group>";
		};
		5487146B25C6880800599083 /* Utils */ = {
			isa = PBXGroup;
			children = (
				5487146C25C6881900599083 /* Utils.swift */,
			);
			path = Utils;
			sourceTree = "<group>";
		};
		5487147425C6C8FF00599083 /* Extensions */ = {
			isa = PBXGroup;
			children = (
				5487147125C6C8FA00599083 /* extenstions.swift */,
			);
			path = Extensions;
			sourceTree = "<group>";
		};
/* End PBXGroup section */

/* Begin PBXNativeTarget section */
		5487144B25C53CA500599083 /* stats */ = {
			isa = PBXNativeTarget;
			buildConfigurationList = 5487146025C53CA800599083 /* Build configuration list for PBXNativeTarget "stats" */;
			buildPhases = (
				5487144825C53CA500599083 /* Sources */,
				5487144925C53CA500599083 /* Frameworks */,
				5487144A25C53CA500599083 /* Resources */,
			);
			buildRules = (
			);
			dependencies = (
			);
			name = stats;
			productName = stats;
			productReference = 5487144C25C53CA500599083 /* stats.app */;
			productType = "com.apple.product-type.application";
		};
/* End PBXNativeTarget section */

/* Begin PBXProject section */
		5487144425C53CA500599083 /* Project object */ = {
			isa = PBXProject;
			attributes = {
				LastSwiftUpdateCheck = 1230;
				LastUpgradeCheck = 1230;
				TargetAttributes = {
					5487144B25C53CA500599083 = {
						CreatedOnToolsVersion = 12.3;
					};
				};
			};
			buildConfigurationList = 5487144725C53CA500599083 /* Build configuration list for PBXProject "stats" */;
			compatibilityVersion = "Xcode 9.3";
			developmentRegion = en;
			hasScannedForEncodings = 0;
			knownRegions = (
				en,
				Base,
			);
			mainGroup = 5487144325C53CA500599083;
			productRefGroup = 5487144D25C53CA500599083 /* Products */;
			projectDirPath = "";
			projectRoot = "";
			targets = (
				5487144B25C53CA500599083 /* stats */,
			);
		};
/* End PBXProject section */

/* Begin PBXResourcesBuildPhase section */
		5487144A25C53CA500599083 /* Resources */ = {
			isa = PBXResourcesBuildPhase;
			buildActionMask = 2147483647;
			files = (
				5487145C25C53CA800599083 /* LaunchScreen.storyboard in Resources */,
				5487145925C53CA800599083 /* Assets.xcassets in Resources */,
				5487145725C53CA500599083 /* Main.storyboard in Resources */,
			);
			runOnlyForDeploymentPostprocessing = 0;
		};
/* End PBXResourcesBuildPhase section */

/* Begin PBXSourcesBuildPhase section */
		5487144825C53CA500599083 /* Sources */ = {
			isa = PBXSourcesBuildPhase;
			buildActionMask = 2147483647;
			files = (
				5487146D25C6881900599083 /* Utils.swift in Sources */,
				5407B58A25C6E1FB00C04E31 /* BarCollectionViewHeaderView.swift in Sources */,
				5487145425C53CA500599083 /* ViewController.swift in Sources */,
				5407B58F25C6FD2E00C04E31 /* BarCollectionViewFooter.swift in Sources */,
				5407B59225C7C5D400C04E31 /* BackgroundBarCollectionView.swift in Sources */,
				5487147225C6C8FB00599083 /* extenstions.swift in Sources */,
				5487146825C5483600599083 /* BarCell.swift in Sources */,
				5407B59525C824E200C04E31 /* CircleCell.swift in Sources */,
				5487145025C53CA500599083 /* AppDelegate.swift in Sources */,
				5487145225C53CA500599083 /* SceneDelegate.swift in Sources */,
			);
			runOnlyForDeploymentPostprocessing = 0;
		};
/* End PBXSourcesBuildPhase section */

/* Begin PBXVariantGroup section */
		5487145525C53CA500599083 /* Main.storyboard */ = {
			isa = PBXVariantGroup;
			children = (
				5487145625C53CA500599083 /* Base */,
			);
			name = Main.storyboard;
			sourceTree = "<group>";
		};
		5487145A25C53CA800599083 /* LaunchScreen.storyboard */ = {
			isa = PBXVariantGroup;
			children = (
				5487145B25C53CA800599083 /* Base */,
			);
			name = LaunchScreen.storyboard;
			sourceTree = "<group>";
		};
/* End PBXVariantGroup section */

/* Begin XCBuildConfiguration section */
		5487145E25C53CA800599083 /* Debug */ = {
			isa = XCBuildConfiguration;
			buildSettings = {
				ALWAYS_SEARCH_USER_PATHS = NO;
				CLANG_ANALYZER_NONNULL = YES;
				CLANG_ANALYZER_NUMBER_OBJECT_CONVERSION = YES_AGGRESSIVE;
				CLANG_CXX_LANGUAGE_STANDARD = "gnu++14";
				CLANG_CXX_LIBRARY = "libc++";
				CLANG_ENABLE_MODULES = YES;
				CLANG_ENABLE_OBJC_ARC = YES;
				CLANG_ENABLE_OBJC_WEAK = YES;
				CLANG_WARN_BLOCK_CAPTURE_AUTORELEASING = YES;
				CLANG_WARN_BOOL_CONVERSION = YES;
				CLANG_WARN_COMMA = YES;
				CLANG_WARN_CONSTANT_CONVERSION = YES;
				CLANG_WARN_DEPRECATED_OBJC_IMPLEMENTATIONS = YES;
				CLANG_WARN_DIRECT_OBJC_ISA_USAGE = YES_ERROR;
				CLANG_WARN_DOCUMENTATION_COMMENTS = YES;
				CLANG_WARN_EMPTY_BODY = YES;
				CLANG_WARN_ENUM_CONVERSION = YES;
				CLANG_WARN_INFINITE_RECURSION = YES;
				CLANG_WARN_INT_CONVERSION = YES;
				CLANG_WARN_NON_LITERAL_NULL_CONVERSION = YES;
				CLANG_WARN_OBJC_IMPLICIT_RETAIN_SELF = YES;
				CLANG_WARN_OBJC_LITERAL_CONVERSION = YES;
				CLANG_WARN_OBJC_ROOT_CLASS = YES_ERROR;
				CLANG_WARN_QUOTED_INCLUDE_IN_FRAMEWORK_HEADER = YES;
				CLANG_WARN_RANGE_LOOP_ANALYSIS = YES;
				CLANG_WARN_STRICT_PROTOTYPES = YES;
				CLANG_WARN_SUSPICIOUS_MOVE = YES;
				CLANG_WARN_UNGUARDED_AVAILABILITY = YES_AGGRESSIVE;
				CLANG_WARN_UNREACHABLE_CODE = YES;
				CLANG_WARN__DUPLICATE_METHOD_MATCH = YES;
				COPY_PHASE_STRIP = NO;
				DEBUG_INFORMATION_FORMAT = dwarf;
				ENABLE_STRICT_OBJC_MSGSEND = YES;
				ENABLE_TESTABILITY = YES;
				GCC_C_LANGUAGE_STANDARD = gnu11;
				GCC_DYNAMIC_NO_PIC = NO;
				GCC_NO_COMMON_BLOCKS = YES;
				GCC_OPTIMIZATION_LEVEL = 0;
				GCC_PREPROCESSOR_DEFINITIONS = (
					"DEBUG=1",
					"$(inherited)",
				);
				GCC_WARN_64_TO_32_BIT_CONVERSION = YES;
				GCC_WARN_ABOUT_RETURN_TYPE = YES_ERROR;
				GCC_WARN_UNDECLARED_SELECTOR = YES;
				GCC_WARN_UNINITIALIZED_AUTOS = YES_AGGRESSIVE;
				GCC_WARN_UNUSED_FUNCTION = YES;
				GCC_WARN_UNUSED_VARIABLE = YES;
				IPHONEOS_DEPLOYMENT_TARGET = 14.3;
				MTL_ENABLE_DEBUG_INFO = INCLUDE_SOURCE;
				MTL_FAST_MATH = YES;
				ONLY_ACTIVE_ARCH = YES;
				SDKROOT = iphoneos;
				SWIFT_ACTIVE_COMPILATION_CONDITIONS = DEBUG;
				SWIFT_OPTIMIZATION_LEVEL = "-Onone";
			};
			name = Debug;
		};
		5487145F25C53CA800599083 /* Release */ = {
			isa = XCBuildConfiguration;
			buildSettings = {
				ALWAYS_SEARCH_USER_PATHS = NO;
				CLANG_ANALYZER_NONNULL = YES;
				CLANG_ANALYZER_NUMBER_OBJECT_CONVERSION = YES_AGGRESSIVE;
				CLANG_CXX_LANGUAGE_STANDARD = "gnu++14";
				CLANG_CXX_LIBRARY = "libc++";
				CLANG_ENABLE_MODULES = YES;
				CLANG_ENABLE_OBJC_ARC = YES;
				CLANG_ENABLE_OBJC_WEAK = YES;
				CLANG_WARN_BLOCK_CAPTURE_AUTORELEASING = YES;
				CLANG_WARN_BOOL_CONVERSION = YES;
				CLANG_WARN_COMMA = YES;
				CLANG_WARN_CONSTANT_CONVERSION = YES;
				CLANG_WARN_DEPRECATED_OBJC_IMPLEMENTATIONS = YES;
				CLANG_WARN_DIRECT_OBJC_ISA_USAGE = YES_ERROR;
				CLANG_WARN_DOCUMENTATION_COMMENTS = YES;
				CLANG_WARN_EMPTY_BODY = YES;
				CLANG_WARN_ENUM_CONVERSION = YES;
				CLANG_WARN_INFINITE_RECURSION = YES;
				CLANG_WARN_INT_CONVERSION = YES;
				CLANG_WARN_NON_LITERAL_NULL_CONVERSION = YES;
				CLANG_WARN_OBJC_IMPLICIT_RETAIN_SELF = YES;
				CLANG_WARN_OBJC_LITERAL_CONVERSION = YES;
				CLANG_WARN_OBJC_ROOT_CLASS = YES_ERROR;
				CLANG_WARN_QUOTED_INCLUDE_IN_FRAMEWORK_HEADER = YES;
				CLANG_WARN_RANGE_LOOP_ANALYSIS = YES;
				CLANG_WARN_STRICT_PROTOTYPES = YES;
				CLANG_WARN_SUSPICIOUS_MOVE = YES;
				CLANG_WARN_UNGUARDED_AVAILABILITY = YES_AGGRESSIVE;
				CLANG_WARN_UNREACHABLE_CODE = YES;
				CLANG_WARN__DUPLICATE_METHOD_MATCH = YES;
				COPY_PHASE_STRIP = NO;
				DEBUG_INFORMATION_FORMAT = "dwarf-with-dsym";
				ENABLE_NS_ASSERTIONS = NO;
				ENABLE_STRICT_OBJC_MSGSEND = YES;
				GCC_C_LANGUAGE_STANDARD = gnu11;
				GCC_NO_COMMON_BLOCKS = YES;
				GCC_WARN_64_TO_32_BIT_CONVERSION = YES;
				GCC_WARN_ABOUT_RETURN_TYPE = YES_ERROR;
				GCC_WARN_UNDECLARED_SELECTOR = YES;
				GCC_WARN_UNINITIALIZED_AUTOS = YES_AGGRESSIVE;
				GCC_WARN_UNUSED_FUNCTION = YES;
				GCC_WARN_UNUSED_VARIABLE = YES;
				IPHONEOS_DEPLOYMENT_TARGET = 14.3;
				MTL_ENABLE_DEBUG_INFO = NO;
				MTL_FAST_MATH = YES;
				SDKROOT = iphoneos;
				SWIFT_COMPILATION_MODE = wholemodule;
				SWIFT_OPTIMIZATION_LEVEL = "-O";
				VALIDATE_PRODUCT = YES;
			};
			name = Release;
		};
		5487146125C53CA800599083 /* Debug */ = {
			isa = XCBuildConfiguration;
			buildSettings = {
				ASSETCATALOG_COMPILER_APPICON_NAME = AppIcon;
				ASSETCATALOG_COMPILER_GLOBAL_ACCENT_COLOR_NAME = AccentColor;
				CODE_SIGN_STYLE = Automatic;
				DEVELOPMENT_TEAM = 4L2MSKX5Q6;
				INFOPLIST_FILE = stats/Info.plist;
				LD_RUNPATH_SEARCH_PATHS = (
					"$(inherited)",
					"@executable_path/Frameworks",
				);
				PRODUCT_BUNDLE_IDENTIFIER = com.mdo.ios.stats;
				PRODUCT_NAME = "$(TARGET_NAME)";
				SWIFT_VERSION = 5.0;
				TARGETED_DEVICE_FAMILY = "1,2";
			};
			name = Debug;
		};
		5487146225C53CA800599083 /* Release */ = {
			isa = XCBuildConfiguration;
			buildSettings = {
				ASSETCATALOG_COMPILER_APPICON_NAME = AppIcon;
				ASSETCATALOG_COMPILER_GLOBAL_ACCENT_COLOR_NAME = AccentColor;
				CODE_SIGN_STYLE = Automatic;
				DEVELOPMENT_TEAM = 4L2MSKX5Q6;
				INFOPLIST_FILE = stats/Info.plist;
				LD_RUNPATH_SEARCH_PATHS = (
					"$(inherited)",
					"@executable_path/Frameworks",
				);
				PRODUCT_BUNDLE_IDENTIFIER = com.mdo.ios.stats;
				PRODUCT_NAME = "$(TARGET_NAME)";
				SWIFT_VERSION = 5.0;
				TARGETED_DEVICE_FAMILY = "1,2";
			};
			name = Release;
		};
/* End XCBuildConfiguration section */

/* Begin XCConfigurationList section */
		5487144725C53CA500599083 /* Build configuration list for PBXProject "stats" */ = {
			isa = XCConfigurationList;
			buildConfigurations = (
				5487145E25C53CA800599083 /* Debug */,
				5487145F25C53CA800599083 /* Release */,
			);
			defaultConfigurationIsVisible = 0;
			defaultConfigurationName = Release;
		};
		5487146025C53CA800599083 /* Build configuration list for PBXNativeTarget "stats" */ = {
			isa = XCConfigurationList;
			buildConfigurations = (
				5487146125C53CA800599083 /* Debug */,
				5487146225C53CA800599083 /* Release */,
			);
			defaultConfigurationIsVisible = 0;
			defaultConfigurationName = Release;
		};
/* End XCConfigurationList section */
	};
	rootObject = 5487144425C53CA500599083 /* Project object */;
}
